{
  "originHash" : "a1042b6301dd5f1eaec087e4492632a751fe4f03523ae7dc586378bc81f256eb",
  "pins" : [
    {
      "identity" : "asn1decoder",
      "kind" : "remoteSourceControl",
      "location" : "https://github.com/filom/ASN1Decoder",
      "state" : {
        "revision" : "7e1523662c69d019a3299bbfb22fb824141dd1f6",
        "version" : "1.10.0"
      }
    },
    {
      "identity" : "jwtdecode.swift",
      "kind" : "remoteSourceControl",
      "location" : "https://github.com/auth0/JWTDecode.swift.git",
      "state" : {
        "revision" : "3cd207fb9e943b6168a117baa3936c823204c2dc",
        "version" : "2.6.3"
      }
    },
    {
      "identity" : "lottie-ios",
      "kind" : "remoteSourceControl",
      "location" : "https://github.com/airbnb/lottie-ios.git",
      "state" : {
        "revision" : "7fe8b6f697ae7db4bf0df270119592cb5d502848",
        "version" : "4.4.1"
      }
    },
    {
      "identity" : "openssl",
      "kind" : "remoteSourceControl",
      "location" : "https://github.com/krzyzanowskim/OpenSSL",
      "state" : {
        "revision" : "0faf71a188bcfdf0245cab42886b9b240ca71c52",
        "version" : "1.1.2200"
      }
    }
  ],
  "version" : 3
}
